
Microsoft Visual Studio Solution File, Format Version 12.00
# Visual Studio Version 16
VisualStudioVersion = 16.0.30225.117
MinimumVisualStudioVersion = 10.0.40219.1
Project("{9A19103F-16F7-4668-BE54-9A1E7A4F7556}") = "Proffy.WebAPI", "NextLevelWeek2.WebAPI\Proffy.WebAPI.csproj", "{54F02D00-723C-401F-8A17-2C5E838C8698}"
EndProject
Project("{9A19103F-16F7-4668-BE54-9A1E7A4F7556}") = "Proffy.Core", "NextLevelWeek2.Domain\Proffy.Core.csproj", "{0BCC3B08-B61F-4CA5-8B4D-6330B8225622}"
EndProject
Project("{9A19103F-16F7-4668-BE54-9A1E7A4F7556}") = "Proffy.Data", "NextLevelWeek2.Data\Proffy.Data.csproj", "{1E0C8E6E-31CD-4010-8481-DBC96CE23D72}"
EndProject
Project("{FAE04EC0-301F-11D3-BF4B-00C04F79EFBC}") = "NextLevelWeek2.ApplicationService", "NextLevelWeek2.ApplicationService\NextLevelWeek2.ApplicationService.csproj", "{07C44C74-B748-4BCA-8685-3C797D88AF4B}"
EndProject
Global
	GlobalSection(SolutionConfigurationPlatforms) = preSolution
		Debug|Any CPU = Debug|Any CPU
		Release|Any CPU = Release|Any CPU
	EndGlobalSection
	GlobalSection(ProjectConfigurationPlatforms) = postSolution
		{54F02D00-723C-401F-8A17-2C5E838C8698}.Debug|Any CPU.ActiveCfg = Debug|Any CPU
		{54F02D00-723C-401F-8A17-2C5E838C8698}.Debug|Any CPU.Build.0 = Debug|Any CPU
		{54F02D00-723C-401F-8A17-2C5E838C8698}.Release|Any CPU.ActiveCfg = Release|Any CPU
		{54F02D00-723C-401F-8A17-2C5E838C8698}.Release|Any CPU.Build.0 = Release|Any CPU
		{0BCC3B08-B61F-4CA5-8B4D-6330B8225622}.Debug|Any CPU.ActiveCfg = Debug|Any CPU
		{0BCC3B08-B61F-4CA5-8B4D-6330B8225622}.Debug|Any CPU.Build.0 = Debug|Any CPU
		{0BCC3B08-B61F-4CA5-8B4D-6330B8225622}.Release|Any CPU.ActiveCfg = Release|Any CPU
		{0BCC3B08-B61F-4CA5-8B4D-6330B8225622}.Release|Any CPU.Build.0 = Release|Any CPU
		{1E0C8E6E-31CD-4010-8481-DBC96CE23D72}.Debug|Any CPU.ActiveCfg = Debug|Any CPU
		{1E0C8E6E-31CD-4010-8481-DBC96CE23D72}.Debug|Any CPU.Build.0 = Debug|Any CPU
		{1E0C8E6E-31CD-4010-8481-DBC96CE23D72}.Release|Any CPU.ActiveCfg = Release|Any CPU
		{1E0C8E6E-31CD-4010-8481-DBC96CE23D72}.Release|Any CPU.Build.0 = Release|Any CPU
		{07C44C74-B748-4BCA-8685-3C797D88AF4B}.Debug|Any CPU.ActiveCfg = Debug|Any CPU
		{07C44C74-B748-4BCA-8685-3C797D88AF4B}.Debug|Any CPU.Build.0 = Debug|Any CPU
		{07C44C74-B748-4BCA-8685-3C797D88AF4B}.Release|Any CPU.ActiveCfg = Release|Any CPU
		{07C44C74-B748-4BCA-8685-3C797D88AF4B}.Release|Any CPU.Build.0 = Release|Any CPU
	EndGlobalSection
	GlobalSection(SolutionProperties) = preSolution
		HideSolutionNode = FALSE
	EndGlobalSection
	GlobalSection(ExtensibilityGlobals) = postSolution
		SolutionGuid = {C01E53D8-8044-4595-BBA6-19D4860A8F8D}
	EndGlobalSection
EndGlobal
